{
  "originHash" : "a94ff9ddaa1e3252cda318ecd893b1676b41c7e6ed18e80fe93f69562af033bc",
  "pins" : [
    {
      "identity" : "grdb.swift",
      "kind" : "remoteSourceControl",
      "location" : "https://github.com/groue/GRDB.swift.git",
      "state" : {
        "revision" : "2cf6c756e1e5ef6901ebae16576a7e4e4b834622",
        "version" : "6.29.3"
      }
    },
    {
      "identity" : "swift-tree-sitter",
      "kind" : "remoteSourceControl",
      "location" : "https://github.com/tree-sitter/swift-tree-sitter.git",
      "state" : {
        "revision" : "08ef81eb8620617b55b08868126707ad72bf754f",
        "version" : "0.25.0"
      }
    },
    {
      "identity" : "tree-sitter",
      "kind" : "remoteSourceControl",
      "location" : "https://github.com/tree-sitter/tree-sitter",
      "state" : {
        "revision" : "da6fe9beb4f7f67beb75914ca8e0d48ae48d6406",
        "version" : "0.25.10"
      }
    },
    {
      "identity" : "tree-sitter-go",
      "kind" : "remoteSourceControl",
      "location" : "https://github.com/tree-sitter/tree-sitter-go.git",
      "state" : {
        "revision" : "1547678a9da59885853f5f5cc8a99cc203fa2e2c",
        "version" : "0.25.0"
      }
    },
    {
      "identity" : "tree-sitter-javascript",
      "kind" : "remoteSourceControl",
      "location" : "https://github.com/tree-sitter/tree-sitter-javascript.git",
      "state" : {
        "revision" : "44c892e0be055ac465d5eeddae6d3e194424e7de",
        "version" : "0.25.0"
      }
    },
    {
      "identity" : "tree-sitter-python",
      "kind" : "remoteSourceControl",
      "location" : "https://github.com/tree-sitter/tree-sitter-python.git",
      "state" : {
        "revision" : "293fdc02038ee2bf0e2e206711b69c90ac0d413f",
        "version" : "0.25.0"
      }
    },
    {
      "identity" : "tree-sitter-swift",
      "kind" : "remoteSourceControl",
      "location" : "https://github.com/alex-pinkus/tree-sitter-swift.git",
      "state" : {
        "revision" : "31d17fe7e818a2048c808b5c6fdc2dc792f4f5b5"
      }
    },
    {
      "identity" : "tree-sitter-typescript",
      "kind" : "remoteSourceControl",
      "location" : "https://github.com/tree-sitter/tree-sitter-typescript.git",
      "state" : {
        "revision" : "f975a621f4e7f532fe322e13c4f79495e0a7b2e7",
        "version" : "0.23.2"
      }
    }
  ],
  "version" : 3
}
